
Microsoft Visual Studio Solution File, Format Version 12.00
# Visual Studio 15
VisualStudioVersion = 15.0.27130.2020
MinimumVisualStudioVersion = 10.0.40219.1
Project("{FAE04EC0-301F-11D3-BF4B-00C04F79EFBC}") = "NerdCastConsoleSample", "NerdCastConsoleSample\NerdCastConsoleSample.csproj", "{DE797BB0-5931-4D3A-B4B4-B35AF0722019}"
EndProject
Project("{FAE04EC0-301F-11D3-BF4B-00C04F79EFBC}") = "PodcastManager", "PodcastManager\PodcastManager.csproj", "{6F206043-5C62-4797-9047-030EAC112641}"
EndProject
Project("{2150E333-8FDC-42A3-9474-1A3956D46DE8}") = "src", "src", "{9397FB8C-0798-4760-91FB-54FD0119B2AD}"
EndProject
Project("{2150E333-8FDC-42A3-9474-1A3956D46DE8}") = "Samples", "Samples", "{989A8BE7-7701-4A09-84D0-4DC66A2DC87F}"
EndProject
Global
	GlobalSection(SolutionConfigurationPlatforms) = preSolution
		Debug|Any CPU = Debug|Any CPU
		Release|Any CPU = Release|Any CPU
	EndGlobalSection
	GlobalSection(ProjectConfigurationPlatforms) = postSolution
		{DE797BB0-5931-4D3A-B4B4-B35AF0722019}.Debug|Any CPU.ActiveCfg = Debug|Any CPU
		{DE797BB0-5931-4D3A-B4B4-B35AF0722019}.Debug|Any CPU.Build.0 = Debug|Any CPU
		{DE797BB0-5931-4D3A-B4B4-B35AF0722019}.Release|Any CPU.ActiveCfg = Release|Any CPU
		{DE797BB0-5931-4D3A-B4B4-B35AF0722019}.Release|Any CPU.Build.0 = Release|Any CPU
		{6F206043-5C62-4797-9047-030EAC112641}.Debug|Any CPU.ActiveCfg = Debug|Any CPU
		{6F206043-5C62-4797-9047-030EAC112641}.Debug|Any CPU.Build.0 = Debug|Any CPU
		{6F206043-5C62-4797-9047-030EAC112641}.Release|Any CPU.ActiveCfg = Release|Any CPU
		{6F206043-5C62-4797-9047-030EAC112641}.Release|Any CPU.Build.0 = Release|Any CPU
	EndGlobalSection
	GlobalSection(SolutionProperties) = preSolution
		HideSolutionNode = FALSE
	EndGlobalSection
	GlobalSection(NestedProjects) = preSolution
		{DE797BB0-5931-4D3A-B4B4-B35AF0722019} = {989A8BE7-7701-4A09-84D0-4DC66A2DC87F}
		{6F206043-5C62-4797-9047-030EAC112641} = {9397FB8C-0798-4760-91FB-54FD0119B2AD}
	EndGlobalSection
	GlobalSection(ExtensibilityGlobals) = postSolution
		SolutionGuid = {1C35659E-1B42-47B4-8781-E6E34A2EFCD3}
	EndGlobalSection
EndGlobal
